
Microsoft Visual Studio Solution File, Format Version 12.00
# Visual Studio 15
VisualStudioVersion = 15.0.27703.2026
MinimumVisualStudioVersion = 10.0.40219.1
Project("{FAE04EC0-301F-11D3-BF4B-00C04F79EFBC}") = "Nulo", "Nulo\Nulo.csproj", "{E0CD62D6-B6DD-46FC-A3AB-9F593CF2ECD3}"
EndProject
Global
	GlobalSection(SolutionConfigurationPlatforms) = preSolution
		Debug|Any CPU = Debug|Any CPU
		Release|Any CPU = Release|Any CPU
	EndGlobalSection
	GlobalSection(ProjectConfigurationPlatforms) = postSolution
		{E0CD62D6-B6DD-46FC-A3AB-9F593CF2ECD3}.Debug|Any CPU.ActiveCfg = Debug|Any CPU
		{E0CD62D6-B6DD-46FC-A3AB-9F593CF2ECD3}.Debug|Any CPU.Build.0 = Debug|Any CPU
		{E0CD62D6-B6DD-46FC-A3AB-9F593CF2ECD3}.Release|Any CPU.ActiveCfg = Release|Any CPU
		{E0CD62D6-B6DD-46FC-A3AB-9F593CF2ECD3}.Release|Any CPU.Build.0 = Release|Any CPU
	EndGlobalSection
	GlobalSection(SolutionProperties) = preSolution
		HideSolutionNode = FALSE
	EndGlobalSection
	GlobalSection(ExtensibilityGlobals) = postSolution
		SolutionGuid = {6570D6CE-8CA8-499C-B6B1-04886CE70150}
	EndGlobalSection
EndGlobal
